
Microsoft Visual Studio Solution File, Format Version 12.00
# Visual Studio Version 17
VisualStudioVersion = 17.6.33717.318
MinimumVisualStudioVersion = 10.0.40219.1
Project("{8BC9CEB8-8B4A-11D0-8D11-00A0C91BC942}") = "ConsoleAnimation", "ConsoleAnimation\ConsoleAnimation.vcxproj", "{4AA48444-DD2D-4409-8765-8665261A7903}"
EndProject
Project("{8BC9CEB8-8B4A-11D0-8D11-00A0C91BC942}") = "ConsoleAudio", "ConsoleAudio\ConsoleAudio.vcxproj", "{438B9249-A293-4040-89B0-F282E940A43D}"
EndProject
Global
	GlobalSection(SolutionConfigurationPlatforms) = preSolution
		Debug|x64 = Debug|x64
		Debug|x86 = Debug|x86
		Release|x64 = Release|x64
		Release|x86 = Release|x86
	EndGlobalSection
	GlobalSection(ProjectConfigurationPlatforms) = postSolution
		{4AA48444-DD2D-4409-8765-8665261A7903}.Debug|x64.ActiveCfg = Debug|x64
		{4AA48444-DD2D-4409-8765-8665261A7903}.Debug|x64.Build.0 = Debug|x64
		{4AA48444-DD2D-4409-8765-8665261A7903}.Debug|x86.ActiveCfg = Debug|Win32
		{4AA48444-DD2D-4409-8765-8665261A7903}.Debug|x86.Build.0 = Debug|Win32
		{4AA48444-DD2D-4409-8765-8665261A7903}.Release|x64.ActiveCfg = Release|x64
		{4AA48444-DD2D-4409-8765-8665261A7903}.Release|x64.Build.0 = Release|x64
		{4AA48444-DD2D-4409-8765-8665261A7903}.Release|x86.ActiveCfg = Release|Win32
		{4AA48444-DD2D-4409-8765-8665261A7903}.Release|x86.Build.0 = Release|Win32
		{438B9249-A293-4040-89B0-F282E940A43D}.Debug|x64.ActiveCfg = Debug|x64
		{438B9249-A293-4040-89B0-F282E940A43D}.Debug|x64.Build.0 = Debug|x64
		{438B9249-A293-4040-89B0-F282E940A43D}.Debug|x86.ActiveCfg = Debug|Win32
		{438B9249-A293-4040-89B0-F282E940A43D}.Debug|x86.Build.0 = Debug|Win32
		{438B9249-A293-4040-89B0-F282E940A43D}.Release|x64.ActiveCfg = Release|x64
		{438B9249-A293-4040-89B0-F282E940A43D}.Release|x64.Build.0 = Release|x64
		{438B9249-A293-4040-89B0-F282E940A43D}.Release|x86.ActiveCfg = Release|Win32
		{438B9249-A293-4040-89B0-F282E940A43D}.Release|x86.Build.0 = Release|Win32
	EndGlobalSection
	GlobalSection(SolutionProperties) = preSolution
		HideSolutionNode = FALSE
	EndGlobalSection
	GlobalSection(ExtensibilityGlobals) = postSolution
		SolutionGuid = {58AA92B1-61FC-46EF-8FAE-F31CF48FC96C}
	EndGlobalSection
EndGlobal
