<?xml version="1.0" encoding="utf-8"?>
<Project ToolsVersion="4.0" xmlns="http://schemas.microsoft.com/developer/msbuild/2003">
  <ItemGroup>
    <ClCompile Include="screen.c" />
    <ClCompile Include="utilites.c" />
    <ClCompile Include="main.c" />
  </ItemGroup>
  <ItemGroup>
    <Filter Include="헤더 파일">
      <UniqueIdentifier>{162936f4-882f-45f6-9b59-3109328d596e}</UniqueIdentifier>
    </Filter>
    <Filter Include="GameEngine">
      <UniqueIdentifier>{d90f076c-b205-43ae-82ba-1fba695f1ea0}</UniqueIdentifier>
    </Filter>
  </ItemGroup>
  <ItemGroup>
    <ClInclude Include="screen.h">
      <Filter>GameEngine</Filter>
    </ClInclude>
    <ClInclude Include="utilites.h">
      <Filter>GameEngine</Filter>
    </ClInclude>
  </ItemGroup>
</Project>